{
  "name": "brew_site",
  "version": "1.4.0",
  "lockfileVersion": 1,
  "requires": true,
  "dependencies": {
    "@profesia/vue-hamburger-menu-component": {
      "version": "1.0.1",
      "resolved": "https://registry.npmjs.org/@profesia/vue-hamburger-menu-component/-/vue-hamburger-menu-component-1.0.1.tgz",
      "integrity": "sha512-5I75AfGvT7jGxRPquSOduzZ5B9HLmzX96GpvWrQYGQldGU8EBqUGsHGq7i7H0qkBPPy5pN2b5YCWYpLgLQL95Q==",
      "dev": true
    }
  }
}
